
Microsoft Visual Studio Solution File, Format Version 12.00
# Visual Studio Version 17
VisualStudioVersion = 17.7.34024.191
MinimumVisualStudioVersion = 10.0.40219.1
Project("{FAE04EC0-301F-11D3-BF4B-00C04F79EFBC}") = "ffmpegGui-SimpleCut", "ffmpegGui-SimpleCut.csproj", "{C3FAB06E-B254-466D-A667-6A3BD515035B}"
EndProject
Global
	GlobalSection(SolutionConfigurationPlatforms) = preSolution
		Debug|Any CPU = Debug|Any CPU
		Release|Any CPU = Release|Any CPU
	EndGlobalSection
	GlobalSection(ProjectConfigurationPlatforms) = postSolution
		{C3FAB06E-B254-466D-A667-6A3BD515035B}.Debug|Any CPU.ActiveCfg = Debug|Any CPU
		{C3FAB06E-B254-466D-A667-6A3BD515035B}.Debug|Any CPU.Build.0 = Debug|Any CPU
		{C3FAB06E-B254-466D-A667-6A3BD515035B}.Release|Any CPU.ActiveCfg = Release|Any CPU
		{C3FAB06E-B254-466D-A667-6A3BD515035B}.Release|Any CPU.Build.0 = Release|Any CPU
	EndGlobalSection
	GlobalSection(SolutionProperties) = preSolution
		HideSolutionNode = FALSE
	EndGlobalSection
	GlobalSection(ExtensibilityGlobals) = postSolution
		SolutionGuid = {4F7E9D73-0AED-4888-82E6-8AAD13A71BE3}
	EndGlobalSection
EndGlobal
